
Microsoft Visual Studio Solution File, Format Version 12.00
# Visual Studio 2013
VisualStudioVersion = 12.0.31101.0
MinimumVisualStudioVersion = 10.0.40219.1
Project("{FAE04EC0-301F-11D3-BF4B-00C04F79EFBC}") = "Assets", "Assets\Assets\Assets.csproj", "{2A17BF73-CA93-4176-AC06-CAC497AEA835}"
EndProject
Project("{FAE04EC0-301F-11D3-BF4B-00C04F79EFBC}") = "AssetsContent", "Assets\AssetsContent\AssetsContent.contentproj", "{EDC82976-CB16-4EF5-B0C7-BF8975FAD9F9}"
EndProject
Project("{FAE04EC0-301F-11D3-BF4B-00C04F79EFBC}") = "XnaCraft.Engine", "XnaCraft.Engine\XnaCraft.Engine.csproj", "{19679297-2892-417D-948C-AF045D98EE14}"
EndProject
Project("{FAE04EC0-301F-11D3-BF4B-00C04F79EFBC}") = "XnaCraft.Game", "XnaCraft.Game\XnaCraft.Game.csproj", "{9A831068-322D-4635-8660-CF54E3AB0A69}"
EndProject
Project("{FAE04EC0-301F-11D3-BF4B-00C04F79EFBC}") = "XnaCraft", "XnaCraft\XnaCraft.csproj", "{58682EB9-8145-4091-B7DF-79DC40916EB3}"
EndProject
Global
	GlobalSection(SolutionConfigurationPlatforms) = preSolution
		Android|Any CPU = Android|Any CPU
		Android|Mixed Platforms = Android|Mixed Platforms
		Android|x86 = Android|x86
		Debug|Any CPU = Debug|Any CPU
		Debug|Mixed Platforms = Debug|Mixed Platforms
		Debug|x86 = Debug|x86
		iOS|Any CPU = iOS|Any CPU
		iOS|Mixed Platforms = iOS|Mixed Platforms
		iOS|x86 = iOS|x86
		Linux|Any CPU = Linux|Any CPU
		Linux|Mixed Platforms = Linux|Mixed Platforms
		Linux|x86 = Linux|x86
		OSX|Any CPU = OSX|Any CPU
		OSX|Mixed Platforms = OSX|Mixed Platforms
		OSX|x86 = OSX|x86
		PSM|Any CPU = PSM|Any CPU
		PSM|Mixed Platforms = PSM|Mixed Platforms
		PSM|x86 = PSM|x86
		Release|Any CPU = Release|Any CPU
		Release|Mixed Platforms = Release|Mixed Platforms
		Release|x86 = Release|x86
		Windows|Any CPU = Windows|Any CPU
		Windows|Mixed Platforms = Windows|Mixed Platforms
		Windows|x86 = Windows|x86
		Windows8|Any CPU = Windows8|Any CPU
		Windows8|Mixed Platforms = Windows8|Mixed Platforms
		Windows8|x86 = Windows8|x86
	EndGlobalSection
	GlobalSection(ProjectConfigurationPlatforms) = postSolution
		{2A17BF73-CA93-4176-AC06-CAC497AEA835}.Android|Any CPU.ActiveCfg = Android|Any CPU
		{2A17BF73-CA93-4176-AC06-CAC497AEA835}.Android|Any CPU.Build.0 = Android|Any CPU
		{2A17BF73-CA93-4176-AC06-CAC497AEA835}.Android|Mixed Platforms.ActiveCfg = Android|Any CPU
		{2A17BF73-CA93-4176-AC06-CAC497AEA835}.Android|Mixed Platforms.Build.0 = Android|Any CPU
		{2A17BF73-CA93-4176-AC06-CAC497AEA835}.Android|x86.ActiveCfg = Android|Any CPU
		{2A17BF73-CA93-4176-AC06-CAC497AEA835}.Debug|Any CPU.ActiveCfg = PSM|Any CPU
		{2A17BF73-CA93-4176-AC06-CAC497AEA835}.Debug|Any CPU.Build.0 = PSM|Any CPU
		{2A17BF73-CA93-4176-AC06-CAC497AEA835}.Debug|Mixed Platforms.ActiveCfg = PSM|Any CPU
		{2A17BF73-CA93-4176-AC06-CAC497AEA835}.Debug|Mixed Platforms.Build.0 = PSM|Any CPU
		{2A17BF73-CA93-4176-AC06-CAC497AEA835}.Debug|x86.ActiveCfg = PSM|Any CPU
		{2A17BF73-CA93-4176-AC06-CAC497AEA835}.iOS|Any CPU.ActiveCfg = iOS|Any CPU
		{2A17BF73-CA93-4176-AC06-CAC497AEA835}.iOS|Any CPU.Build.0 = iOS|Any CPU
		{2A17BF73-CA93-4176-AC06-CAC497AEA835}.iOS|Mixed Platforms.ActiveCfg = iOS|Any CPU
		{2A17BF73-CA93-4176-AC06-CAC497AEA835}.iOS|Mixed Platforms.Build.0 = iOS|Any CPU
		{2A17BF73-CA93-4176-AC06-CAC497AEA835}.iOS|x86.ActiveCfg = iOS|Any CPU
		{2A17BF73-CA93-4176-AC06-CAC497AEA835}.Linux|Any CPU.ActiveCfg = Linux|Any CPU
		{2A17BF73-CA93-4176-AC06-CAC497AEA835}.Linux|Any CPU.Build.0 = Linux|Any CPU
		{2A17BF73-CA93-4176-AC06-CAC497AEA835}.Linux|Mixed Platforms.ActiveCfg = Linux|Any CPU
		{2A17BF73-CA93-4176-AC06-CAC497AEA835}.Linux|Mixed Platforms.Build.0 = Linux|Any CPU
		{2A17BF73-CA93-4176-AC06-CAC497AEA835}.Linux|x86.ActiveCfg = Linux|Any CPU
		{2A17BF73-CA93-4176-AC06-CAC497AEA835}.OSX|Any CPU.ActiveCfg = OSX|Any CPU
		{2A17BF73-CA93-4176-AC06-CAC497AEA835}.OSX|Any CPU.Build.0 = OSX|Any CPU
		{2A17BF73-CA93-4176-AC06-CAC497AEA835}.OSX|Mixed Platforms.ActiveCfg = OSX|Any CPU
		{2A17BF73-CA93-4176-AC06-CAC497AEA835}.OSX|Mixed Platforms.Build.0 = OSX|Any CPU
		{2A17BF73-CA93-4176-AC06-CAC497AEA835}.OSX|x86.ActiveCfg = OSX|Any CPU
		{2A17BF73-CA93-4176-AC06-CAC497AEA835}.PSM|Any CPU.ActiveCfg = PSM|Any CPU
		{2A17BF73-CA93-4176-AC06-CAC497AEA835}.PSM|Any CPU.Build.0 = PSM|Any CPU
		{2A17BF73-CA93-4176-AC06-CAC497AEA835}.PSM|Mixed Platforms.ActiveCfg = PSM|Any CPU
		{2A17BF73-CA93-4176-AC06-CAC497AEA835}.PSM|Mixed Platforms.Build.0 = PSM|Any CPU
		{2A17BF73-CA93-4176-AC06-CAC497AEA835}.PSM|x86.ActiveCfg = PSM|Any CPU
		{2A17BF73-CA93-4176-AC06-CAC497AEA835}.Release|Any CPU.ActiveCfg = PSM|Any CPU
		{2A17BF73-CA93-4176-AC06-CAC497AEA835}.Release|Any CPU.Build.0 = PSM|Any CPU
		{2A17BF73-CA93-4176-AC06-CAC497AEA835}.Release|Mixed Platforms.ActiveCfg = PSM|Any CPU
		{2A17BF73-CA93-4176-AC06-CAC497AEA835}.Release|Mixed Platforms.Build.0 = PSM|Any CPU
		{2A17BF73-CA93-4176-AC06-CAC497AEA835}.Release|x86.ActiveCfg = PSM|Any CPU
		{2A17BF73-CA93-4176-AC06-CAC497AEA835}.Windows|Any CPU.ActiveCfg = Windows|Any CPU
		{2A17BF73-CA93-4176-AC06-CAC497AEA835}.Windows|Any CPU.Build.0 = Windows|Any CPU
		{2A17BF73-CA93-4176-AC06-CAC497AEA835}.Windows|Mixed Platforms.ActiveCfg = Windows|Any CPU
		{2A17BF73-CA93-4176-AC06-CAC497AEA835}.Windows|Mixed Platforms.Build.0 = Windows|Any CPU
		{2A17BF73-CA93-4176-AC06-CAC497AEA835}.Windows|x86.ActiveCfg = Windows|Any CPU
		{2A17BF73-CA93-4176-AC06-CAC497AEA835}.Windows8|Any CPU.ActiveCfg = Windows8|Any CPU
		{2A17BF73-CA93-4176-AC06-CAC497AEA835}.Windows8|Any CPU.Build.0 = Windows8|Any CPU
		{2A17BF73-CA93-4176-AC06-CAC497AEA835}.Windows8|Mixed Platforms.ActiveCfg = Windows8|Any CPU
		{2A17BF73-CA93-4176-AC06-CAC497AEA835}.Windows8|Mixed Platforms.Build.0 = Windows8|Any CPU
		{2A17BF73-CA93-4176-AC06-CAC497AEA835}.Windows8|x86.ActiveCfg = Windows8|Any CPU
		{EDC82976-CB16-4EF5-B0C7-BF8975FAD9F9}.Android|Any CPU.ActiveCfg = Android|Any CPU
		{EDC82976-CB16-4EF5-B0C7-BF8975FAD9F9}.Android|Mixed Platforms.ActiveCfg = Android|Any CPU
		{EDC82976-CB16-4EF5-B0C7-BF8975FAD9F9}.Android|x86.ActiveCfg = Android|Any CPU
		{EDC82976-CB16-4EF5-B0C7-BF8975FAD9F9}.Debug|Any CPU.ActiveCfg = PSM|Any CPU
		{EDC82976-CB16-4EF5-B0C7-BF8975FAD9F9}.Debug|Mixed Platforms.ActiveCfg = PSM|Any CPU
		{EDC82976-CB16-4EF5-B0C7-BF8975FAD9F9}.Debug|x86.ActiveCfg = PSM|Any CPU
		{EDC82976-CB16-4EF5-B0C7-BF8975FAD9F9}.iOS|Any CPU.ActiveCfg = iOS|Any CPU
		{EDC82976-CB16-4EF5-B0C7-BF8975FAD9F9}.iOS|Mixed Platforms.ActiveCfg = iOS|Any CPU
		{EDC82976-CB16-4EF5-B0C7-BF8975FAD9F9}.iOS|x86.ActiveCfg = iOS|Any CPU
		{EDC82976-CB16-4EF5-B0C7-BF8975FAD9F9}.Linux|Any CPU.ActiveCfg = Linux|Any CPU
		{EDC82976-CB16-4EF5-B0C7-BF8975FAD9F9}.Linux|Mixed Platforms.ActiveCfg = Linux|Any CPU
		{EDC82976-CB16-4EF5-B0C7-BF8975FAD9F9}.Linux|x86.ActiveCfg = Linux|Any CPU
		{EDC82976-CB16-4EF5-B0C7-BF8975FAD9F9}.OSX|Any CPU.ActiveCfg = OSX|Any CPU
		{EDC82976-CB16-4EF5-B0C7-BF8975FAD9F9}.OSX|Mixed Platforms.ActiveCfg = OSX|Any CPU
		{EDC82976-CB16-4EF5-B0C7-BF8975FAD9F9}.OSX|x86.ActiveCfg = OSX|Any CPU
		{EDC82976-CB16-4EF5-B0C7-BF8975FAD9F9}.PSM|Any CPU.ActiveCfg = PSM|Any CPU
		{EDC82976-CB16-4EF5-B0C7-BF8975FAD9F9}.PSM|Mixed Platforms.ActiveCfg = PSM|Any CPU
		{EDC82976-CB16-4EF5-B0C7-BF8975FAD9F9}.PSM|x86.ActiveCfg = PSM|Any CPU
		{EDC82976-CB16-4EF5-B0C7-BF8975FAD9F9}.Release|Any CPU.ActiveCfg = PSM|Any CPU
		{EDC82976-CB16-4EF5-B0C7-BF8975FAD9F9}.Release|Mixed Platforms.ActiveCfg = PSM|Any CPU
		{EDC82976-CB16-4EF5-B0C7-BF8975FAD9F9}.Release|x86.ActiveCfg = PSM|Any CPU
		{EDC82976-CB16-4EF5-B0C7-BF8975FAD9F9}.Windows|Any CPU.ActiveCfg = Windows|Any CPU
		{EDC82976-CB16-4EF5-B0C7-BF8975FAD9F9}.Windows|Mixed Platforms.ActiveCfg = Windows|Any CPU
		{EDC82976-CB16-4EF5-B0C7-BF8975FAD9F9}.Windows|x86.ActiveCfg = Windows|Any CPU
		{EDC82976-CB16-4EF5-B0C7-BF8975FAD9F9}.Windows8|Any CPU.ActiveCfg = Windows8|Any CPU
		{EDC82976-CB16-4EF5-B0C7-BF8975FAD9F9}.Windows8|Mixed Platforms.ActiveCfg = Windows8|Any CPU
		{EDC82976-CB16-4EF5-B0C7-BF8975FAD9F9}.Windows8|x86.ActiveCfg = Windows8|Any CPU
		{19679297-2892-417D-948C-AF045D98EE14}.Android|Any CPU.ActiveCfg = Release|Any CPU
		{19679297-2892-417D-948C-AF045D98EE14}.Android|Any CPU.Build.0 = Release|Any CPU
		{19679297-2892-417D-948C-AF045D98EE14}.Android|Mixed Platforms.ActiveCfg = Release|Any CPU
		{19679297-2892-417D-948C-AF045D98EE14}.Android|Mixed Platforms.Build.0 = Release|Any CPU
		{19679297-2892-417D-948C-AF045D98EE14}.Android|x86.ActiveCfg = Release|Any CPU
		{19679297-2892-417D-948C-AF045D98EE14}.Debug|Any CPU.ActiveCfg = Debug|Any CPU
		{19679297-2892-417D-948C-AF045D98EE14}.Debug|Any CPU.Build.0 = Debug|Any CPU
		{19679297-2892-417D-948C-AF045D98EE14}.Debug|Mixed Platforms.ActiveCfg = Debug|Any CPU
		{19679297-2892-417D-948C-AF045D98EE14}.Debug|Mixed Platforms.Build.0 = Debug|Any CPU
		{19679297-2892-417D-948C-AF045D98EE14}.Debug|x86.ActiveCfg = Debug|Any CPU
		{19679297-2892-417D-948C-AF045D98EE14}.iOS|Any CPU.ActiveCfg = Release|Any CPU
		{19679297-2892-417D-948C-AF045D98EE14}.iOS|Any CPU.Build.0 = Release|Any CPU
		{19679297-2892-417D-948C-AF045D98EE14}.iOS|Mixed Platforms.ActiveCfg = Release|Any CPU
		{19679297-2892-417D-948C-AF045D98EE14}.iOS|Mixed Platforms.Build.0 = Release|Any CPU
		{19679297-2892-417D-948C-AF045D98EE14}.iOS|x86.ActiveCfg = Release|Any CPU
		{19679297-2892-417D-948C-AF045D98EE14}.Linux|Any CPU.ActiveCfg = Release|Any CPU
		{19679297-2892-417D-948C-AF045D98EE14}.Linux|Any CPU.Build.0 = Release|Any CPU
		{19679297-2892-417D-948C-AF045D98EE14}.Linux|Mixed Platforms.ActiveCfg = Release|Any CPU
		{19679297-2892-417D-948C-AF045D98EE14}.Linux|Mixed Platforms.Build.0 = Release|Any CPU
		{19679297-2892-417D-948C-AF045D98EE14}.Linux|x86.ActiveCfg = Release|Any CPU
		{19679297-2892-417D-948C-AF045D98EE14}.OSX|Any CPU.ActiveCfg = Release|Any CPU
		{19679297-2892-417D-948C-AF045D98EE14}.OSX|Any CPU.Build.0 = Release|Any CPU
		{19679297-2892-417D-948C-AF045D98EE14}.OSX|Mixed Platforms.ActiveCfg = Release|Any CPU
		{19679297-2892-417D-948C-AF045D98EE14}.OSX|Mixed Platforms.Build.0 = Release|Any CPU
		{19679297-2892-417D-948C-AF045D98EE14}.OSX|x86.ActiveCfg = Release|Any CPU
		{19679297-2892-417D-948C-AF045D98EE14}.PSM|Any CPU.ActiveCfg = Release|Any CPU
		{19679297-2892-417D-948C-AF045D98EE14}.PSM|Any CPU.Build.0 = Release|Any CPU
		{19679297-2892-417D-948C-AF045D98EE14}.PSM|Mixed Platforms.ActiveCfg = Release|Any CPU
		{19679297-2892-417D-948C-AF045D98EE14}.PSM|Mixed Platforms.Build.0 = Release|Any CPU
		{19679297-2892-417D-948C-AF045D98EE14}.PSM|x86.ActiveCfg = Release|Any CPU
		{19679297-2892-417D-948C-AF045D98EE14}.Release|Any CPU.ActiveCfg = Release|Any CPU
		{19679297-2892-417D-948C-AF045D98EE14}.Release|Any CPU.Build.0 = Release|Any CPU
		{19679297-2892-417D-948C-AF045D98EE14}.Release|Mixed Platforms.ActiveCfg = Release|Any CPU
		{19679297-2892-417D-948C-AF045D98EE14}.Release|Mixed Platforms.Build.0 = Release|Any CPU
		{19679297-2892-417D-948C-AF045D98EE14}.Release|x86.ActiveCfg = Release|Any CPU
		{19679297-2892-417D-948C-AF045D98EE14}.Windows|Any CPU.ActiveCfg = Release|Any CPU
		{19679297-2892-417D-948C-AF045D98EE14}.Windows|Any CPU.Build.0 = Release|Any CPU
		{19679297-2892-417D-948C-AF045D98EE14}.Windows|Mixed Platforms.ActiveCfg = Release|Any CPU
		{19679297-2892-417D-948C-AF045D98EE14}.Windows|Mixed Platforms.Build.0 = Release|Any CPU
		{19679297-2892-417D-948C-AF045D98EE14}.Windows|x86.ActiveCfg = Release|Any CPU
		{19679297-2892-417D-948C-AF045D98EE14}.Windows8|Any CPU.ActiveCfg = Release|Any CPU
		{19679297-2892-417D-948C-AF045D98EE14}.Windows8|Any CPU.Build.0 = Release|Any CPU
		{19679297-2892-417D-948C-AF045D98EE14}.Windows8|Mixed Platforms.ActiveCfg = Release|Any CPU
		{19679297-2892-417D-948C-AF045D98EE14}.Windows8|Mixed Platforms.Build.0 = Release|Any CPU
		{19679297-2892-417D-948C-AF045D98EE14}.Windows8|x86.ActiveCfg = Release|Any CPU
		{9A831068-322D-4635-8660-CF54E3AB0A69}.Android|Any CPU.ActiveCfg = Release|Any CPU
		{9A831068-322D-4635-8660-CF54E3AB0A69}.Android|Any CPU.Build.0 = Release|Any CPU
		{9A831068-322D-4635-8660-CF54E3AB0A69}.Android|Mixed Platforms.ActiveCfg = Release|Any CPU
		{9A831068-322D-4635-8660-CF54E3AB0A69}.Android|Mixed Platforms.Build.0 = Release|Any CPU
		{9A831068-322D-4635-8660-CF54E3AB0A69}.Android|x86.ActiveCfg = Release|Any CPU
		{9A831068-322D-4635-8660-CF54E3AB0A69}.Debug|Any CPU.ActiveCfg = Debug|Any CPU
		{9A831068-322D-4635-8660-CF54E3AB0A69}.Debug|Any CPU.Build.0 = Debug|Any CPU
		{9A831068-322D-4635-8660-CF54E3AB0A69}.Debug|Mixed Platforms.ActiveCfg = Debug|Any CPU
		{9A831068-322D-4635-8660-CF54E3AB0A69}.Debug|Mixed Platforms.Build.0 = Debug|Any CPU
		{9A831068-322D-4635-8660-CF54E3AB0A69}.Debug|x86.ActiveCfg = Debug|Any CPU
		{9A831068-322D-4635-8660-CF54E3AB0A69}.iOS|Any CPU.ActiveCfg = Release|Any CPU
		{9A831068-322D-4635-8660-CF54E3AB0A69}.iOS|Any CPU.Build.0 = Release|Any CPU
		{9A831068-322D-4635-8660-CF54E3AB0A69}.iOS|Mixed Platforms.ActiveCfg = Release|Any CPU
		{9A831068-322D-4635-8660-CF54E3AB0A69}.iOS|Mixed Platforms.Build.0 = Release|Any CPU
		{9A831068-322D-4635-8660-CF54E3AB0A69}.iOS|x86.ActiveCfg = Release|Any CPU
		{9A831068-322D-4635-8660-CF54E3AB0A69}.Linux|Any CPU.ActiveCfg = Release|Any CPU
		{9A831068-322D-4635-8660-CF54E3AB0A69}.Linux|Any CPU.Build.0 = Release|Any CPU
		{9A831068-322D-4635-8660-CF54E3AB0A69}.Linux|Mixed Platforms.ActiveCfg = Release|Any CPU
		{9A831068-322D-4635-8660-CF54E3AB0A69}.Linux|Mixed Platforms.Build.0 = Release|Any CPU
		{9A831068-322D-4635-8660-CF54E3AB0A69}.Linux|x86.ActiveCfg = Release|Any CPU
		{9A831068-322D-4635-8660-CF54E3AB0A69}.OSX|Any CPU.ActiveCfg = Release|Any CPU
		{9A831068-322D-4635-8660-CF54E3AB0A69}.OSX|Any CPU.Build.0 = Release|Any CPU
		{9A831068-322D-4635-8660-CF54E3AB0A69}.OSX|Mixed Platforms.ActiveCfg = Release|Any CPU
		{9A831068-322D-4635-8660-CF54E3AB0A69}.OSX|Mixed Platforms.Build.0 = Release|Any CPU
		{9A831068-322D-4635-8660-CF54E3AB0A69}.OSX|x86.ActiveCfg = Release|Any CPU
		{9A831068-322D-4635-8660-CF54E3AB0A69}.PSM|Any CPU.ActiveCfg = Release|Any CPU
		{9A831068-322D-4635-8660-CF54E3AB0A69}.PSM|Any CPU.Build.0 = Release|Any CPU
		{9A831068-322D-4635-8660-CF54E3AB0A69}.PSM|Mixed Platforms.ActiveCfg = Release|Any CPU
		{9A831068-322D-4635-8660-CF54E3AB0A69}.PSM|Mixed Platforms.Build.0 = Release|Any CPU
		{9A831068-322D-4635-8660-CF54E3AB0A69}.PSM|x86.ActiveCfg = Release|Any CPU
		{9A831068-322D-4635-8660-CF54E3AB0A69}.Release|Any CPU.ActiveCfg = Release|Any CPU
		{9A831068-322D-4635-8660-CF54E3AB0A69}.Release|Any CPU.Build.0 = Release|Any CPU
		{9A831068-322D-4635-8660-CF54E3AB0A69}.Release|Mixed Platforms.ActiveCfg = Release|Any CPU
		{9A831068-322D-4635-8660-CF54E3AB0A69}.Release|Mixed Platforms.Build.0 = Release|Any CPU
		{9A831068-322D-4635-8660-CF54E3AB0A69}.Release|x86.ActiveCfg = Release|Any CPU
		{9A831068-322D-4635-8660-CF54E3AB0A69}.Windows|Any CPU.ActiveCfg = Release|Any CPU
		{9A831068-322D-4635-8660-CF54E3AB0A69}.Windows|Any CPU.Build.0 = Release|Any CPU
		{9A831068-322D-4635-8660-CF54E3AB0A69}.Windows|Mixed Platforms.ActiveCfg = Release|Any CPU
		{9A831068-322D-4635-8660-CF54E3AB0A69}.Windows|Mixed Platforms.Build.0 = Release|Any CPU
		{9A831068-322D-4635-8660-CF54E3AB0A69}.Windows|x86.ActiveCfg = Release|Any CPU
		{9A831068-322D-4635-8660-CF54E3AB0A69}.Windows8|Any CPU.ActiveCfg = Release|Any CPU
		{9A831068-322D-4635-8660-CF54E3AB0A69}.Windows8|Any CPU.Build.0 = Release|Any CPU
		{9A831068-322D-4635-8660-CF54E3AB0A69}.Windows8|Mixed Platforms.ActiveCfg = Release|Any CPU
		{9A831068-322D-4635-8660-CF54E3AB0A69}.Windows8|Mixed Platforms.Build.0 = Release|Any CPU
		{9A831068-322D-4635-8660-CF54E3AB0A69}.Windows8|x86.ActiveCfg = Release|Any CPU
		{58682EB9-8145-4091-B7DF-79DC40916EB3}.Android|Any CPU.ActiveCfg = Release|x86
		{58682EB9-8145-4091-B7DF-79DC40916EB3}.Android|Mixed Platforms.ActiveCfg = Release|x86
		{58682EB9-8145-4091-B7DF-79DC40916EB3}.Android|Mixed Platforms.Build.0 = Release|x86
		{58682EB9-8145-4091-B7DF-79DC40916EB3}.Android|x86.ActiveCfg = Release|x86
		{58682EB9-8145-4091-B7DF-79DC40916EB3}.Android|x86.Build.0 = Release|x86
		{58682EB9-8145-4091-B7DF-79DC40916EB3}.Debug|Any CPU.ActiveCfg = Debug|x86
		{58682EB9-8145-4091-B7DF-79DC40916EB3}.Debug|Mixed Platforms.ActiveCfg = Debug|x86
		{58682EB9-8145-4091-B7DF-79DC40916EB3}.Debug|Mixed Platforms.Build.0 = Debug|x86
		{58682EB9-8145-4091-B7DF-79DC40916EB3}.Debug|x86.ActiveCfg = Debug|x86
		{58682EB9-8145-4091-B7DF-79DC40916EB3}.Debug|x86.Build.0 = Debug|x86
		{58682EB9-8145-4091-B7DF-79DC40916EB3}.iOS|Any CPU.ActiveCfg = Release|x86
		{58682EB9-8145-4091-B7DF-79DC40916EB3}.iOS|Mixed Platforms.ActiveCfg = Release|x86
		{58682EB9-8145-4091-B7DF-79DC40916EB3}.iOS|Mixed Platforms.Build.0 = Release|x86
		{58682EB9-8145-4091-B7DF-79DC40916EB3}.iOS|x86.ActiveCfg = Release|x86
		{58682EB9-8145-4091-B7DF-79DC40916EB3}.iOS|x86.Build.0 = Release|x86
		{58682EB9-8145-4091-B7DF-79DC40916EB3}.Linux|Any CPU.ActiveCfg = Release|x86
		{58682EB9-8145-4091-B7DF-79DC40916EB3}.Linux|Mixed Platforms.ActiveCfg = Release|x86
		{58682EB9-8145-4091-B7DF-79DC40916EB3}.Linux|Mixed Platforms.Build.0 = Release|x86
		{58682EB9-8145-4091-B7DF-79DC40916EB3}.Linux|x86.ActiveCfg = Release|x86
		{58682EB9-8145-4091-B7DF-79DC40916EB3}.Linux|x86.Build.0 = Release|x86
		{58682EB9-8145-4091-B7DF-79DC40916EB3}.OSX|Any CPU.ActiveCfg = Release|x86
		{58682EB9-8145-4091-B7DF-79DC40916EB3}.OSX|Mixed Platforms.ActiveCfg = Release|x86
		{58682EB9-8145-4091-B7DF-79DC40916EB3}.OSX|Mixed Platforms.Build.0 = Release|x86
		{58682EB9-8145-4091-B7DF-79DC40916EB3}.OSX|x86.ActiveCfg = Release|x86
		{58682EB9-8145-4091-B7DF-79DC40916EB3}.OSX|x86.Build.0 = Release|x86
		{58682EB9-8145-4091-B7DF-79DC40916EB3}.PSM|Any CPU.ActiveCfg = Release|x86
		{58682EB9-8145-4091-B7DF-79DC40916EB3}.PSM|Mixed Platforms.ActiveCfg = Release|x86
		{58682EB9-8145-4091-B7DF-79DC40916EB3}.PSM|Mixed Platforms.Build.0 = Release|x86
		{58682EB9-8145-4091-B7DF-79DC40916EB3}.PSM|x86.ActiveCfg = Release|x86
		{58682EB9-8145-4091-B7DF-79DC40916EB3}.PSM|x86.Build.0 = Release|x86
		{58682EB9-8145-4091-B7DF-79DC40916EB3}.Release|Any CPU.ActiveCfg = Release|x86
		{58682EB9-8145-4091-B7DF-79DC40916EB3}.Release|Mixed Platforms.ActiveCfg = Release|x86
		{58682EB9-8145-4091-B7DF-79DC40916EB3}.Release|Mixed Platforms.Build.0 = Release|x86
		{58682EB9-8145-4091-B7DF-79DC40916EB3}.Release|x86.ActiveCfg = Release|x86
		{58682EB9-8145-4091-B7DF-79DC40916EB3}.Release|x86.Build.0 = Release|x86
		{58682EB9-8145-4091-B7DF-79DC40916EB3}.Windows|Any CPU.ActiveCfg = Release|x86
		{58682EB9-8145-4091-B7DF-79DC40916EB3}.Windows|Mixed Platforms.ActiveCfg = Release|x86
		{58682EB9-8145-4091-B7DF-79DC40916EB3}.Windows|Mixed Platforms.Build.0 = Release|x86
		{58682EB9-8145-4091-B7DF-79DC40916EB3}.Windows|x86.ActiveCfg = Release|x86
		{58682EB9-8145-4091-B7DF-79DC40916EB3}.Windows|x86.Build.0 = Release|x86
		{58682EB9-8145-4091-B7DF-79DC40916EB3}.Windows8|Any CPU.ActiveCfg = Release|x86
		{58682EB9-8145-4091-B7DF-79DC40916EB3}.Windows8|Mixed Platforms.ActiveCfg = Release|x86
		{58682EB9-8145-4091-B7DF-79DC40916EB3}.Windows8|Mixed Platforms.Build.0 = Release|x86
		{58682EB9-8145-4091-B7DF-79DC40916EB3}.Windows8|x86.ActiveCfg = Release|x86
		{58682EB9-8145-4091-B7DF-79DC40916EB3}.Windows8|x86.Build.0 = Release|x86
	EndGlobalSection
	GlobalSection(SolutionProperties) = preSolution
		HideSolutionNode = FALSE
	EndGlobalSection
EndGlobal
