
Microsoft Visual Studio Solution File, Format Version 11.00
# Visual Studio 2010
Project("{FAE04EC0-301F-11D3-BF4B-00C04F79EFBC}") = "XnaCraft", "XnaCraft\XnaCraft.csproj", "{94252595-FE2D-4037-86A3-589C67035EA5}"
EndProject
Project("{FAE04EC0-301F-11D3-BF4B-00C04F79EFBC}") = "XnaCraftContent", "XnaCraftContent\XnaCraftContent.contentproj", "{F4683F35-2F3E-470D-8FEB-76BA9113DE4E}"
EndProject
Global
	GlobalSection(SolutionConfigurationPlatforms) = preSolution
		Debug|x86 = Debug|x86
		Release|x86 = Release|x86
	EndGlobalSection
	GlobalSection(ProjectConfigurationPlatforms) = postSolution
		{94252595-FE2D-4037-86A3-589C67035EA5}.Debug|x86.ActiveCfg = Debug|x86
		{94252595-FE2D-4037-86A3-589C67035EA5}.Debug|x86.Build.0 = Debug|x86
		{94252595-FE2D-4037-86A3-589C67035EA5}.Release|x86.ActiveCfg = Release|x86
		{94252595-FE2D-4037-86A3-589C67035EA5}.Release|x86.Build.0 = Release|x86
		{F4683F35-2F3E-470D-8FEB-76BA9113DE4E}.Debug|x86.ActiveCfg = Debug|x86
		{F4683F35-2F3E-470D-8FEB-76BA9113DE4E}.Release|x86.ActiveCfg = Release|x86
	EndGlobalSection
	GlobalSection(SolutionProperties) = preSolution
		HideSolutionNode = FALSE
	EndGlobalSection
EndGlobal
